
Microsoft Visual Studio Solution File, Format Version 12.00
# Visual Studio Version 16
VisualStudioVersion = 16.0.30204.135
MinimumVisualStudioVersion = 10.0.40219.1
Project("{FAE04EC0-301F-11D3-BF4B-00C04F79EFBC}") = "aspnet", "aspnet\aspnet.csproj", "{ED51504F-2690-4040-9440-248BA76D75D3}"
EndProject
Global
	GlobalSection(SolutionConfigurationPlatforms) = preSolution
		Debug|Any CPU = Debug|Any CPU
		Release|Any CPU = Release|Any CPU
	EndGlobalSection
	GlobalSection(ProjectConfigurationPlatforms) = postSolution
		{ED51504F-2690-4040-9440-248BA76D75D3}.Debug|Any CPU.ActiveCfg = Debug|Any CPU
		{ED51504F-2690-4040-9440-248BA76D75D3}.Debug|Any CPU.Build.0 = Debug|Any CPU
		{ED51504F-2690-4040-9440-248BA76D75D3}.Release|Any CPU.ActiveCfg = Release|Any CPU
		{ED51504F-2690-4040-9440-248BA76D75D3}.Release|Any CPU.Build.0 = Release|Any CPU
	EndGlobalSection
	GlobalSection(SolutionProperties) = preSolution
		HideSolutionNode = FALSE
	EndGlobalSection
	GlobalSection(ExtensibilityGlobals) = postSolution
		SolutionGuid = {45008D1C-1969-42DA-A844-BCE58648202C}
	EndGlobalSection
EndGlobal
